
Microsoft Visual Studio Solution File, Format Version 12.00
# Visual Studio 14
VisualStudioVersion = 14.0.25123.0
MinimumVisualStudioVersion = 10.0.40219.1
Project("{FAE04EC0-301F-11D3-BF4B-00C04F79EFBC}") = "MyGraduationProject", "MyGraduationProject\MyGraduationProject.csproj", "{021C29D7-D2F1-47FA-A075-F04CBB0C2321}"
EndProject
Project("{00D1A9C2-B5F0-4AF3-8072-F6C62B433612}") = "MyGraduationProject.Database", "..\..\Documents\Visual Studio 2015\Projects\MyGraduationProject.Database\MyGraduationProject.Database.sqlproj", "{FA4AE918-722C-4BB3-A430-A5D2C5F188C3}"
EndProject
Project("{FAE04EC0-301F-11D3-BF4B-00C04F79EFBC}") = "MyGraduationProject.Models", "..\graczusdeveloer\MyGraduationProject.Models\MyGraduationProject.Models.csproj", "{311336CA-CC42-445B-B3DA-41708333170F}"
EndProject
Project("{FAE04EC0-301F-11D3-BF4B-00C04F79EFBC}") = "MyGraduationProjectDAL", "MyGraduationProjectDAL\MyGraduationProjectDAL.csproj", "{C3CFE22E-F2D1-43B0-9B0A-A73D1574230A}"
EndProject
Global
	GlobalSection(SolutionConfigurationPlatforms) = preSolution
		Debug|Any CPU = Debug|Any CPU
		Release|Any CPU = Release|Any CPU
	EndGlobalSection
	GlobalSection(ProjectConfigurationPlatforms) = postSolution
		{021C29D7-D2F1-47FA-A075-F04CBB0C2321}.Debug|Any CPU.ActiveCfg = Debug|Any CPU
		{021C29D7-D2F1-47FA-A075-F04CBB0C2321}.Debug|Any CPU.Build.0 = Debug|Any CPU
		{021C29D7-D2F1-47FA-A075-F04CBB0C2321}.Release|Any CPU.ActiveCfg = Release|Any CPU
		{021C29D7-D2F1-47FA-A075-F04CBB0C2321}.Release|Any CPU.Build.0 = Release|Any CPU
		{FA4AE918-722C-4BB3-A430-A5D2C5F188C3}.Debug|Any CPU.ActiveCfg = Debug|Any CPU
		{FA4AE918-722C-4BB3-A430-A5D2C5F188C3}.Debug|Any CPU.Build.0 = Debug|Any CPU
		{FA4AE918-722C-4BB3-A430-A5D2C5F188C3}.Debug|Any CPU.Deploy.0 = Debug|Any CPU
		{FA4AE918-722C-4BB3-A430-A5D2C5F188C3}.Release|Any CPU.ActiveCfg = Release|Any CPU
		{FA4AE918-722C-4BB3-A430-A5D2C5F188C3}.Release|Any CPU.Build.0 = Release|Any CPU
		{FA4AE918-722C-4BB3-A430-A5D2C5F188C3}.Release|Any CPU.Deploy.0 = Release|Any CPU
		{311336CA-CC42-445B-B3DA-41708333170F}.Debug|Any CPU.ActiveCfg = Debug|Any CPU
		{311336CA-CC42-445B-B3DA-41708333170F}.Debug|Any CPU.Build.0 = Debug|Any CPU
		{311336CA-CC42-445B-B3DA-41708333170F}.Release|Any CPU.ActiveCfg = Release|Any CPU
		{311336CA-CC42-445B-B3DA-41708333170F}.Release|Any CPU.Build.0 = Release|Any CPU
		{C3CFE22E-F2D1-43B0-9B0A-A73D1574230A}.Debug|Any CPU.ActiveCfg = Debug|Any CPU
		{C3CFE22E-F2D1-43B0-9B0A-A73D1574230A}.Debug|Any CPU.Build.0 = Debug|Any CPU
		{C3CFE22E-F2D1-43B0-9B0A-A73D1574230A}.Release|Any CPU.ActiveCfg = Release|Any CPU
		{C3CFE22E-F2D1-43B0-9B0A-A73D1574230A}.Release|Any CPU.Build.0 = Release|Any CPU
	EndGlobalSection
	GlobalSection(SolutionProperties) = preSolution
		HideSolutionNode = FALSE
	EndGlobalSection
EndGlobal
